
Microsoft Visual Studio Solution File, Format Version 12.00
# Visual Studio Version 17
VisualStudioVersion = 17.4.33213.308
MinimumVisualStudioVersion = 10.0.40219.1
Project("{FAE04EC0-301F-11D3-BF4B-00C04F79EFBC}") = "App.LearningManagement", "App.LearningManagement\App.LearningManagement.csproj", "{9C164C4A-319E-435D-AAC2-5683A013B8F9}"
EndProject
Project("{FAE04EC0-301F-11D3-BF4B-00C04F79EFBC}") = "Library.LearningManagement", "Library.LearningManagement\Library.LearningManagement.csproj", "{1FDFF2A8-8851-4F96-879E-1C177398ECB4}"
EndProject
Global
	GlobalSection(SolutionConfigurationPlatforms) = preSolution
		Debug|Any CPU = Debug|Any CPU
		Release|Any CPU = Release|Any CPU
	EndGlobalSection
	GlobalSection(ProjectConfigurationPlatforms) = postSolution
		{9C164C4A-319E-435D-AAC2-5683A013B8F9}.Debug|Any CPU.ActiveCfg = Debug|Any CPU
		{9C164C4A-319E-435D-AAC2-5683A013B8F9}.Debug|Any CPU.Build.0 = Debug|Any CPU
		{9C164C4A-319E-435D-AAC2-5683A013B8F9}.Release|Any CPU.ActiveCfg = Release|Any CPU
		{9C164C4A-319E-435D-AAC2-5683A013B8F9}.Release|Any CPU.Build.0 = Release|Any CPU
		{1FDFF2A8-8851-4F96-879E-1C177398ECB4}.Debug|Any CPU.ActiveCfg = Debug|Any CPU
		{1FDFF2A8-8851-4F96-879E-1C177398ECB4}.Debug|Any CPU.Build.0 = Debug|Any CPU
		{1FDFF2A8-8851-4F96-879E-1C177398ECB4}.Release|Any CPU.ActiveCfg = Release|Any CPU
		{1FDFF2A8-8851-4F96-879E-1C177398ECB4}.Release|Any CPU.Build.0 = Release|Any CPU
	EndGlobalSection
	GlobalSection(SolutionProperties) = preSolution
		HideSolutionNode = FALSE
	EndGlobalSection
	GlobalSection(ExtensibilityGlobals) = postSolution
		SolutionGuid = {71873017-E8DC-447E-BFFF-EB19865A7371}
	EndGlobalSection
EndGlobal
